
Microsoft Visual Studio Solution File, Format Version 12.00
# Visual Studio Version 16
VisualStudioVersion = 16.0.31613.86
MinimumVisualStudioVersion = 10.0.40219.1
Project("{FAE04EC0-301F-11D3-BF4B-00C04F79EFBC}") = "GameOfLife", "GameOfLife.csproj", "{C2060925-9254-498C-A17C-13B629A39BCA}"
EndProject
Global
	GlobalSection(SolutionConfigurationPlatforms) = preSolution
		Debug|Any CPU = Debug|Any CPU
		Debug|x64 = Debug|x64
		Release|Any CPU = Release|Any CPU
		Release|x64 = Release|x64
	EndGlobalSection
	GlobalSection(ProjectConfigurationPlatforms) = postSolution
		{C2060925-9254-498C-A17C-13B629A39BCA}.Debug|Any CPU.ActiveCfg = Debug|Any CPU
		{C2060925-9254-498C-A17C-13B629A39BCA}.Debug|Any CPU.Build.0 = Debug|Any CPU
		{C2060925-9254-498C-A17C-13B629A39BCA}.Debug|x64.ActiveCfg = Debug|x64
		{C2060925-9254-498C-A17C-13B629A39BCA}.Debug|x64.Build.0 = Debug|x64
		{C2060925-9254-498C-A17C-13B629A39BCA}.Release|Any CPU.ActiveCfg = Release|Any CPU
		{C2060925-9254-498C-A17C-13B629A39BCA}.Release|Any CPU.Build.0 = Release|Any CPU
		{C2060925-9254-498C-A17C-13B629A39BCA}.Release|x64.ActiveCfg = Release|x64
		{C2060925-9254-498C-A17C-13B629A39BCA}.Release|x64.Build.0 = Release|x64
	EndGlobalSection
	GlobalSection(SolutionProperties) = preSolution
		HideSolutionNode = FALSE
	EndGlobalSection
	GlobalSection(ExtensibilityGlobals) = postSolution
		SolutionGuid = {FA2AF49B-197C-4677-95FF-B76C0BDF3DA6}
	EndGlobalSection
EndGlobal
